
Microsoft Visual Studio Solution File, Format Version 12.00
# Visual Studio Version 17
VisualStudioVersion = 17.0.31912.275
MinimumVisualStudioVersion = 10.0.40219.1
Project("{FAE04EC0-301F-11D3-BF4B-00C04F79EFBC}") = "SOLID", "SOLID\SOLID.csproj", "{EC950056-D6A9-452D-89CF-88AEF3E91CD0}"
EndProject
Global
	GlobalSection(SolutionConfigurationPlatforms) = preSolution
		Debug|Any CPU = Debug|Any CPU
		Release|Any CPU = Release|Any CPU
	EndGlobalSection
	GlobalSection(ProjectConfigurationPlatforms) = postSolution
		{EC950056-D6A9-452D-89CF-88AEF3E91CD0}.Debug|Any CPU.ActiveCfg = Debug|Any CPU
		{EC950056-D6A9-452D-89CF-88AEF3E91CD0}.Debug|Any CPU.Build.0 = Debug|Any CPU
		{EC950056-D6A9-452D-89CF-88AEF3E91CD0}.Release|Any CPU.ActiveCfg = Release|Any CPU
		{EC950056-D6A9-452D-89CF-88AEF3E91CD0}.Release|Any CPU.Build.0 = Release|Any CPU
	EndGlobalSection
	GlobalSection(SolutionProperties) = preSolution
		HideSolutionNode = FALSE
	EndGlobalSection
	GlobalSection(ExtensibilityGlobals) = postSolution
		SolutionGuid = {1E0FCB34-2E71-4059-A904-CE177CBC7826}
	EndGlobalSection
EndGlobal
