
Microsoft Visual Studio Solution File, Format Version 12.00
# Visual Studio Version 17
VisualStudioVersion = 17.0.31912.275
MinimumVisualStudioVersion = 10.0.40219.1
Project("{9A19103F-16F7-4668-BE54-9A1E7A4F7556}") = "Basic_DependencyInjection", "SOLID\Basic_DependencyInjection.csproj", "{EC950056-D6A9-452D-89CF-88AEF3E91CD0}"
EndProject
Project("{2150E333-8FDC-42A3-9474-1A3956D46DE8}") = "SOLID", "SOLID", "{D932A10C-4AF2-44D0-B03E-73121BE1F673}"
EndProject
Project("{2150E333-8FDC-42A3-9474-1A3956D46DE8}") = "DependencyInjection", "DependencyInjection", "{8F079CF1-B36F-4EEA-BE4D-DDD64213AA64}"
EndProject
Project("{2150E333-8FDC-42A3-9474-1A3956D46DE8}") = "Gang of Four", "Gang of Four", "{FB54B752-BEA2-457E-9011-375553360D41}"
EndProject
Project("{2150E333-8FDC-42A3-9474-1A3956D46DE8}") = "Behaviour", "Behaviour", "{0E99DEF7-0786-4E99-9950-231096D4B614}"
EndProject
Project("{9A19103F-16F7-4668-BE54-9A1E7A4F7556}") = "Chain of Responsibility", "Chain of Responsibility\Chain of Responsibility.csproj", "{DFB10257-397B-482A-845B-DA84FD99D35D}"
EndProject
Project("{FAE04EC0-301F-11D3-BF4B-00C04F79EFBC}") = "Strategy", "Strategy\Strategy.csproj", "{502FCBFD-416C-461D-9006-1A61BB32E344}"
EndProject
Global
	GlobalSection(SolutionConfigurationPlatforms) = preSolution
		Debug|Any CPU = Debug|Any CPU
		Release|Any CPU = Release|Any CPU
	EndGlobalSection
	GlobalSection(ProjectConfigurationPlatforms) = postSolution
		{EC950056-D6A9-452D-89CF-88AEF3E91CD0}.Debug|Any CPU.ActiveCfg = Debug|Any CPU
		{EC950056-D6A9-452D-89CF-88AEF3E91CD0}.Debug|Any CPU.Build.0 = Debug|Any CPU
		{EC950056-D6A9-452D-89CF-88AEF3E91CD0}.Release|Any CPU.ActiveCfg = Release|Any CPU
		{EC950056-D6A9-452D-89CF-88AEF3E91CD0}.Release|Any CPU.Build.0 = Release|Any CPU
		{DFB10257-397B-482A-845B-DA84FD99D35D}.Debug|Any CPU.ActiveCfg = Debug|Any CPU
		{DFB10257-397B-482A-845B-DA84FD99D35D}.Debug|Any CPU.Build.0 = Debug|Any CPU
		{DFB10257-397B-482A-845B-DA84FD99D35D}.Release|Any CPU.ActiveCfg = Release|Any CPU
		{DFB10257-397B-482A-845B-DA84FD99D35D}.Release|Any CPU.Build.0 = Release|Any CPU
		{502FCBFD-416C-461D-9006-1A61BB32E344}.Debug|Any CPU.ActiveCfg = Debug|Any CPU
		{502FCBFD-416C-461D-9006-1A61BB32E344}.Debug|Any CPU.Build.0 = Debug|Any CPU
		{502FCBFD-416C-461D-9006-1A61BB32E344}.Release|Any CPU.ActiveCfg = Release|Any CPU
		{502FCBFD-416C-461D-9006-1A61BB32E344}.Release|Any CPU.Build.0 = Release|Any CPU
	EndGlobalSection
	GlobalSection(SolutionProperties) = preSolution
		HideSolutionNode = FALSE
	EndGlobalSection
	GlobalSection(NestedProjects) = preSolution
		{EC950056-D6A9-452D-89CF-88AEF3E91CD0} = {8F079CF1-B36F-4EEA-BE4D-DDD64213AA64}
		{8F079CF1-B36F-4EEA-BE4D-DDD64213AA64} = {D932A10C-4AF2-44D0-B03E-73121BE1F673}
		{0E99DEF7-0786-4E99-9950-231096D4B614} = {FB54B752-BEA2-457E-9011-375553360D41}
		{DFB10257-397B-482A-845B-DA84FD99D35D} = {0E99DEF7-0786-4E99-9950-231096D4B614}
		{502FCBFD-416C-461D-9006-1A61BB32E344} = {0E99DEF7-0786-4E99-9950-231096D4B614}
	EndGlobalSection
	GlobalSection(ExtensibilityGlobals) = postSolution
		SolutionGuid = {1E0FCB34-2E71-4059-A904-CE177CBC7826}
	EndGlobalSection
EndGlobal
